
Microsoft Visual Studio Solution File, Format Version 12.00
# Visual Studio Version 17
VisualStudioVersion = 17.14.36705.20
MinimumVisualStudioVersion = 10.0.40219.1
Project("{FAE04EC0-301F-11D3-BF4B-00C04F79EFBC}") = "TicketsManagement.Api", "TicketsManagement.Api\TicketsManagement.Api.csproj", "{3D27AE2D-0EB6-4C2C-8D2A-1B43B1D78B98}"
EndProject
Project("{FAE04EC0-301F-11D3-BF4B-00C04F79EFBC}") = "TicketsManagement.Infrastructure", "TicketsManagement.Infrastructure\TicketsManagement.Infrastructure.csproj", "{3B5C574F-1F0E-4C52-B945-C6E673788FAF}"
EndProject
Project("{FAE04EC0-301F-11D3-BF4B-00C04F79EFBC}") = "TicketsManagement.Domain", "TicketsManagement.Domain\TicketsManagement.Domain.csproj", "{B385B017-2851-42F2-BC93-91DDB4727283}"
EndProject
Project("{FAE04EC0-301F-11D3-BF4B-00C04F79EFBC}") = "TicketsManagement.Application", "TicketsManagement.Application\TicketsManagement.Application.csproj", "{2209B3DC-C6CC-44AF-A39D-4C638AC32898}"
EndProject
Project("{FAE04EC0-301F-11D3-BF4B-00C04F79EFBC}") = "TicketsManagement.Tests", "TicketsManagement.Tests\TicketsManagement.Tests.csproj", "{E8A2D9B2-5F1E-4D3E-A2B4-9A5A0F2E7B11}"
EndProject
Global
	GlobalSection(SolutionConfigurationPlatforms) = preSolution
		Debug|Any CPU = Debug|Any CPU
		Release|Any CPU = Release|Any CPU
	EndGlobalSection
	GlobalSection(ProjectConfigurationPlatforms) = postSolution
		{3D27AE2D-0EB6-4C2C-8D2A-1B43B1D78B98}.Debug|Any CPU.ActiveCfg = Debug|Any CPU
		{3D27AE2D-0EB6-4C2C-8D2A-1B43B1D78B98}.Debug|Any CPU.Build.0 = Debug|Any CPU
		{3D27AE2D-0EB6-4C2C-8D2A-1B43B1D78B98}.Release|Any CPU.ActiveCfg = Release|Any CPU
		{3D27AE2D-0EB6-4C2C-8D2A-1B43B1D78B98}.Release|Any CPU.Build.0 = Release|Any CPU
		{3B5C574F-1F0E-4C52-B945-C6E673788FAF}.Debug|Any CPU.ActiveCfg = Debug|Any CPU
		{3B5C574F-1F0E-4C52-B945-C6E673788FAF}.Debug|Any CPU.Build.0 = Debug|Any CPU
		{3B5C574F-1F0E-4C52-B945-C6E673788FAF}.Release|Any CPU.ActiveCfg = Release|Any CPU
		{3B5C574F-1F0E-4C52-B945-C6E673788FAF}.Release|Any CPU.Build.0 = Release|Any CPU
		{B385B017-2851-42F2-BC93-91DDB4727283}.Debug|Any CPU.ActiveCfg = Debug|Any CPU
		{B385B017-2851-42F2-BC93-91DDB4727283}.Debug|Any CPU.Build.0 = Debug|Any CPU
		{B385B017-2851-42F2-BC93-91DDB4727283}.Release|Any CPU.ActiveCfg = Release|Any CPU
		{B385B017-2851-42F2-BC93-91DDB4727283}.Release|Any CPU.Build.0 = Release|Any CPU
		{2209B3DC-C6CC-44AF-A39D-4C638AC32898}.Debug|Any CPU.ActiveCfg = Debug|Any CPU
		{2209B3DC-C6CC-44AF-A39D-4C638AC32898}.Debug|Any CPU.Build.0 = Debug|Any CPU
		{2209B3DC-C6CC-44AF-A39D-4C638AC32898}.Release|Any CPU.ActiveCfg = Release|Any CPU
		{2209B3DC-C6CC-44AF-A39D-4C638AC32898}.Release|Any CPU.Build.0 = Release|Any CPU
		{E8A2D9B2-5F1E-4D3E-A2B4-9A5A0F2E7B11}.Debug|Any CPU.ActiveCfg = Debug|Any CPU
		{E8A2D9B2-5F1E-4D3E-A2B4-9A5A0F2E7B11}.Debug|Any CPU.Build.0 = Debug|Any CPU
		{E8A2D9B2-5F1E-4D3E-A2B4-9A5A0F2E7B11}.Release|Any CPU.ActiveCfg = Release|Any CPU
		{E8A2D9B2-5F1E-4D3E-A2B4-9A5A0F2E7B11}.Release|Any CPU.Build.0 = Release|Any CPU
	EndGlobalSection
	GlobalSection(SolutionProperties) = preSolution
		HideSolutionNode = FALSE
	EndGlobalSection
	GlobalSection(ExtensibilityGlobals) = postSolution
		SolutionGuid = {48638B21-C801-488B-81C0-957B8CBEFBF6}
	EndGlobalSection
EndGlobal
